
Microsoft Visual Studio Solution File, Format Version 12.00
# Visual Studio Version 17
VisualStudioVersion = 17.4.33213.308
MinimumVisualStudioVersion = 10.0.40219.1
Project("{FAE04EC0-301F-11D3-BF4B-00C04F79EFBC}") = "StudentApplication", "StudentApplication\StudentApplication.csproj", "{DCB92AE5-3873-49E8-AAA4-3B6BD06D616F}"
EndProject
Global
	GlobalSection(SolutionConfigurationPlatforms) = preSolution
		Debug|Any CPU = Debug|Any CPU
		Release|Any CPU = Release|Any CPU
	EndGlobalSection
	GlobalSection(ProjectConfigurationPlatforms) = postSolution
		{DCB92AE5-3873-49E8-AAA4-3B6BD06D616F}.Debug|Any CPU.ActiveCfg = Debug|Any CPU
		{DCB92AE5-3873-49E8-AAA4-3B6BD06D616F}.Debug|Any CPU.Build.0 = Debug|Any CPU
		{DCB92AE5-3873-49E8-AAA4-3B6BD06D616F}.Release|Any CPU.ActiveCfg = Release|Any CPU
		{DCB92AE5-3873-49E8-AAA4-3B6BD06D616F}.Release|Any CPU.Build.0 = Release|Any CPU
	EndGlobalSection
	GlobalSection(SolutionProperties) = preSolution
		HideSolutionNode = FALSE
	EndGlobalSection
	GlobalSection(ExtensibilityGlobals) = postSolution
		SolutionGuid = {94A3FD50-C08E-4F75-9A6D-929E054D5CE2}
	EndGlobalSection
EndGlobal
